
Microsoft Visual Studio Solution File, Format Version 12.00
# Visual Studio 15
VisualStudioVersion = 15.0.26730.10
MinimumVisualStudioVersion = 10.0.40219.1
Project("{8BC9CEB8-8B4A-11D0-8D11-00A0C91BC942}") = "Interpreter", "Interpreter\Interpreter.vcxproj", "{43E98AB0-44CD-4672-8E9F-32D5BAE55166}"
EndProject
Global
	GlobalSection(SolutionConfigurationPlatforms) = preSolution
		Debug|x64 = Debug|x64
		Debug|x86 = Debug|x86
		Release|x64 = Release|x64
		Release|x86 = Release|x86
	EndGlobalSection
	GlobalSection(ProjectConfigurationPlatforms) = postSolution
		{43E98AB0-44CD-4672-8E9F-32D5BAE55166}.Debug|x64.ActiveCfg = Debug|x64
		{43E98AB0-44CD-4672-8E9F-32D5BAE55166}.Debug|x64.Build.0 = Debug|x64
		{43E98AB0-44CD-4672-8E9F-32D5BAE55166}.Debug|x86.ActiveCfg = Debug|Win32
		{43E98AB0-44CD-4672-8E9F-32D5BAE55166}.Debug|x86.Build.0 = Debug|Win32
		{43E98AB0-44CD-4672-8E9F-32D5BAE55166}.Release|x64.ActiveCfg = Release|x64
		{43E98AB0-44CD-4672-8E9F-32D5BAE55166}.Release|x64.Build.0 = Release|x64
		{43E98AB0-44CD-4672-8E9F-32D5BAE55166}.Release|x86.ActiveCfg = Release|Win32
		{43E98AB0-44CD-4672-8E9F-32D5BAE55166}.Release|x86.Build.0 = Release|Win32
	EndGlobalSection
	GlobalSection(SolutionProperties) = preSolution
		HideSolutionNode = FALSE
	EndGlobalSection
	GlobalSection(ExtensibilityGlobals) = postSolution
		SolutionGuid = {E311A834-B137-4522-8D10-67552CDD7CEC}
	EndGlobalSection
EndGlobal
